{"filter":false,"title":"composer.lock","tooltip":"/PHPUnit/composer.lock","undoManager":{"mark":-1,"position":-1,"stack":[]},"ace":{"folds":[],"scrolltop":0,"scrollleft":0,"selection":{"start":{"row":0,"column":0},"end":{"row":0,"column":0},"isBackwards":false},"options":{"guessTabSize":true,"useWrapMode":false,"wrapToView":true},"firstLineState":0},"timestamp":1582614325595,"hash":"0a702696aa3fd69c371b06e0a282f38152c6b20e"}